{
  "lockfileVersion": 1,
  "workspaces": {
    "": {
      "devDependencies": {
        "@fontsource-variable/jetbrains-mono": "^5.2.8",
      },
    },
  },
  "packages": {
    "@fontsource-variable/jetbrains-mono": ["@fontsource-variable/jetbrains-mono@5.2.8", "", {}, "sha512-WBA9elru6Jdp5df2mES55wuOO0WIrn3kpXnI4+W2ek5u3ZgLS9XS4gmIlcQhiZOWEKl95meYdvK7xI+ETLCq/Q=="],
  }
}
